
Microsoft Visual Studio Solution File, Format Version 12.00
# Visual Studio Express 2012 for Web
Project("{FAE04EC0-301F-11D3-BF4B-00C04F79EFBC}") = "SeleniumWebDriverTests", "SeleniumWebDriverTests.csproj", "{46CCF90E-A259-4191-99AA-E979A8D38E0C}"
EndProject
Global
	GlobalSection(SolutionConfigurationPlatforms) = preSolution
		Debug|Any CPU = Debug|Any CPU
		Release|Any CPU = Release|Any CPU
	EndGlobalSection
	GlobalSection(ProjectConfigurationPlatforms) = postSolution
		{46CCF90E-A259-4191-99AA-E979A8D38E0C}.Debug|Any CPU.ActiveCfg = Debug|Any CPU
		{46CCF90E-A259-4191-99AA-E979A8D38E0C}.Debug|Any CPU.Build.0 = Debug|Any CPU
		{46CCF90E-A259-4191-99AA-E979A8D38E0C}.Release|Any CPU.ActiveCfg = Release|Any CPU
		{46CCF90E-A259-4191-99AA-E979A8D38E0C}.Release|Any CPU.Build.0 = Release|Any CPU
	EndGlobalSection
	GlobalSection(SolutionProperties) = preSolution
		HideSolutionNode = FALSE
	EndGlobalSection
EndGlobal
